b12x==1.3.0 --hash=sha256:c97d88635521a7fdd4f67717c1835a017d0dcea49d49cc7aa5b4299f290d19e3
flashinfer-cubin==0.6.18.post1 --hash=sha256:bbacb5b8bbf429e43bf2740bb45551d981f41d0462842e36ee6fb3e3452763ab
flashinfer-jit-cache==0.6.18.post1+cu130 --hash=sha256:d1729490636a98f22f158518e10c257eec5a188d3dadf30b4c9de298675d8d4b
flashinfer-python==0.6.18.post1 --hash=sha256:adb6d2952b47131138e108bd2999b1fe18b71f1a4c0b2684f168753db9563991
huggingface_hub==1.31.0 --hash=sha256:9dbb6a503cbe2494ea666695207e7262d410659e09134059deb83e5480864667
nvidia-nccl-cu13==2.29.7 --hash=sha256:edd81538446786ec3b73972543e53bb43bcaf0bfc8ef76cb679fcc390ffe136d
vllm==0.1.1.dev26+g6fe67cbbf --hash=sha256:01e307f80c08300f2f4fe11344ca297ebf471c53987ff3b55068294093c4d74c
